version = 1
revision = 3
requires-python = ">=3.13"

[manifest]
members = [
    "hello-tts",
    "voicevox",
]

[[package]]
name = "hello-tts"
version = "0.1.0"
source = { virtual = "." }

[[package]]
name = "voicevox"
version = "0.1.0"
source = { virtual = "voicevox" }
dependencies = [
    { name = "voicevox-core" },
]

[package.metadata]
requires-dist = [{ name = "voicevox-core", url = "https://github.com/VOICEVOX/voicevox_core/releases/download/0.16.4/voicevox_core-0.16.4-cp310-abi3-macosx_11_0_arm64.whl" }]

[[package]]
name = "voicevox-core"
version = "0.16.4"
source = { url = "https://github.com/VOICEVOX/voicevox_core/releases/download/0.16.4/voicevox_core-0.16.4-cp310-abi3-macosx_11_0_arm64.whl" }
wheels = [
    { url = "https://github.com/VOICEVOX/voicevox_core/releases/download/0.16.4/voicevox_core-0.16.4-cp310-abi3-macosx_11_0_arm64.whl", hash = "sha256:fa369bdd35214c166fcc6cf93ac5f6d3e88f568e72a7245e97b93fdbac7a5331" },
]
